
Microsoft Visual Studio Solution File, Format Version 12.00
# Visual Studio Version 17
VisualStudioVersion = 17.14.36310.24 d17.14
MinimumVisualStudioVersion = 10.0.40219.1
Project("{8BC9CEB8-8B4A-11D0-8D11-00A0C91BC942}") = "client", "client\client.vcxproj", "{4BE40989-43F6-4251-9C45-998EFC1B8241}"
EndProject
Project("{8BC9CEB8-8B4A-11D0-8D11-00A0C91BC942}") = "service", "service\service.vcxproj", "{354620CF-3CE8-4D43-B0B2-0D6E599A373C}"
EndProject
Global
	GlobalSection(SolutionConfigurationPlatforms) = preSolution
		Debug|x64 = Debug|x64
		Debug|x86 = Debug|x86
		Release|x64 = Release|x64
		Release|x86 = Release|x86
	EndGlobalSection
	GlobalSection(ProjectConfigurationPlatforms) = postSolution
		{4BE40989-43F6-4251-9C45-998EFC1B8241}.Debug|x64.ActiveCfg = Debug|x64
		{4BE40989-43F6-4251-9C45-998EFC1B8241}.Debug|x64.Build.0 = Debug|x64
		{4BE40989-43F6-4251-9C45-998EFC1B8241}.Debug|x86.ActiveCfg = Debug|Win32
		{4BE40989-43F6-4251-9C45-998EFC1B8241}.Debug|x86.Build.0 = Debug|Win32
		{4BE40989-43F6-4251-9C45-998EFC1B8241}.Release|x64.ActiveCfg = Release|x64
		{4BE40989-43F6-4251-9C45-998EFC1B8241}.Release|x64.Build.0 = Release|x64
		{4BE40989-43F6-4251-9C45-998EFC1B8241}.Release|x86.ActiveCfg = Release|Win32
		{4BE40989-43F6-4251-9C45-998EFC1B8241}.Release|x86.Build.0 = Release|Win32
		{354620CF-3CE8-4D43-B0B2-0D6E599A373C}.Debug|x64.ActiveCfg = Debug|x64
		{354620CF-3CE8-4D43-B0B2-0D6E599A373C}.Debug|x64.Build.0 = Debug|x64
		{354620CF-3CE8-4D43-B0B2-0D6E599A373C}.Debug|x86.ActiveCfg = Debug|Win32
		{354620CF-3CE8-4D43-B0B2-0D6E599A373C}.Debug|x86.Build.0 = Debug|Win32
		{354620CF-3CE8-4D43-B0B2-0D6E599A373C}.Release|x64.ActiveCfg = Release|x64
		{354620CF-3CE8-4D43-B0B2-0D6E599A373C}.Release|x64.Build.0 = Release|x64
		{354620CF-3CE8-4D43-B0B2-0D6E599A373C}.Release|x86.ActiveCfg = Release|Win32
		{354620CF-3CE8-4D43-B0B2-0D6E599A373C}.Release|x86.Build.0 = Release|Win32
	EndGlobalSection
	GlobalSection(SolutionProperties) = preSolution
		HideSolutionNode = FALSE
	EndGlobalSection
	GlobalSection(ExtensibilityGlobals) = postSolution
		SolutionGuid = {2C5F8124-4DC4-48C1-BBEE-2DD5FA75F8CA}
	EndGlobalSection
EndGlobal
